
Microsoft Visual Studio Solution File, Format Version 12.00
# Visual Studio 15
VisualStudioVersion = 15.0.28307.757
MinimumVisualStudioVersion = 10.0.40219.1
Project("{8BC9CEB8-8B4A-11D0-8D11-00A0C91BC942}") = "SqliteTest", "SqliteTest.vcxproj", "{4F3DC95A-0774-4B3C-9376-13BD4468AA29}"
EndProject
Global
	GlobalSection(SolutionConfigurationPlatforms) = preSolution
		Debug|x64 = Debug|x64
		Release|x64 = Release|x64
	EndGlobalSection
	GlobalSection(ProjectConfigurationPlatforms) = postSolution
		{4F3DC95A-0774-4B3C-9376-13BD4468AA29}.Debug|x64.ActiveCfg = Debug|x64
		{4F3DC95A-0774-4B3C-9376-13BD4468AA29}.Debug|x64.Build.0 = Debug|x64
		{4F3DC95A-0774-4B3C-9376-13BD4468AA29}.Release|x64.ActiveCfg = Release|x64
		{4F3DC95A-0774-4B3C-9376-13BD4468AA29}.Release|x64.Build.0 = Release|x64
	EndGlobalSection
	GlobalSection(SolutionProperties) = preSolution
		HideSolutionNode = FALSE
	EndGlobalSection
	GlobalSection(ExtensibilityGlobals) = postSolution
		SolutionGuid = {457443AB-A2CA-4B56-8AE1-86D063AF5E9B}
	EndGlobalSection
EndGlobal
